// !$*UTF8*$!
{
	archiveVersion = 1;
	classes = {
	};
	objectVersion = 56;
	objects = {

/* Begin PBXBuildFile section */
		33030F222BB86F710093F6CA /* XMarkButton.swift in Sources */ = {isa = PBXBuildFile; fileRef = 33030F212BB86F710093F6CA /* XMarkButton.swift */; };
		3320B70D2BB88F90000F01F0 /* CoinView.swift in Sources */ = {isa = PBXBuildFile; fileRef = 3320B70C2BB88F90000F01F0 /* CoinView.swift */; };
		3321A4592BAC0DAE0079D357 /* CircleButton.swift in Sources */ = {isa = PBXBuildFile; fileRef = 3321A4582BAC0DAE0079D357 /* CircleButton.swift */; };
		3321A45B2BAC3AF00079D357 /* CircleButtonAnimation.swift in Sources */ = {isa = PBXBuildFile; fileRef = 3321A45A2BAC3AF00079D357 /* CircleButtonAnimation.swift */; };
		3321A45E2BAC49D40079D357 /* Coin.swift in Sources */ = {isa = PBXBuildFile; fileRef = 3321A45D2BAC49D40079D357 /* Coin.swift */; };
		3321A4602BAC5BDF0079D357 /* CoinRowView.swift in Sources */ = {isa = PBXBuildFile; fileRef = 3321A45F2BAC5BDF0079D357 /* CoinRowView.swift */; };
		3321A4622BAC5CFC0079D357 /* PreviewProvider.swift in Sources */ = {isa = PBXBuildFile; fileRef = 3321A4612BAC5CFC0079D357 /* PreviewProvider.swift */; };
		3321A4642BAC61C00079D357 /* Double.swift in Sources */ = {isa = PBXBuildFile; fileRef = 3321A4632BAC61C00079D357 /* Double.swift */; };
		3321C0A52BB8650000738F07 /* PortfolioView.swift in Sources */ = {isa = PBXBuildFile; fileRef = 3321C0A42BB8650000738F07 /* PortfolioView.swift */; };
		33400C722BB1F6D600EBE9AE /* DashBoardViewModel.swift in Sources */ = {isa = PBXBuildFile; fileRef = 33400C712BB1F6D600EBE9AE /* DashBoardViewModel.swift */; };
		33400C752BB27B7900EBE9AE /* CoinDataService.swift in Sources */ = {isa = PBXBuildFile; fileRef = 33400C742BB27B7900EBE9AE /* CoinDataService.swift */; };
		33400C792BB2902200EBE9AE /* NetworkManager.swift in Sources */ = {isa = PBXBuildFile; fileRef = 33400C782BB2902200EBE9AE /* NetworkManager.swift */; };
		33400C7C2BB3B84900EBE9AE /* CoinImageView.swift in Sources */ = {isa = PBXBuildFile; fileRef = 33400C7B2BB3B84900EBE9AE /* CoinImageView.swift */; };
		33400C7E2BB3BC4F00EBE9AE /* CoinImageViewModel.swift in Sources */ = {isa = PBXBuildFile; fileRef = 33400C7D2BB3BC4F00EBE9AE /* CoinImageViewModel.swift */; };
		336F9FEC2BABF29000DF4A3A /* Color.swift in Sources */ = {isa = PBXBuildFile; fileRef = 336F9FEB2BABF29000DF4A3A /* Color.swift */; };
		336F9FF22BAC052100DF4A3A /* DashBoardView.swift in Sources */ = {isa = PBXBuildFile; fileRef = 336F9FF12BAC052000DF4A3A /* DashBoardView.swift */; };
		3388BC882BB5337A00AE0D9C /* Statistic.swift in Sources */ = {isa = PBXBuildFile; fileRef = 3388BC872BB5337A00AE0D9C /* Statistic.swift */; };
		3388BC8A2BB535AF00AE0D9C /* StatisticView.swift in Sources */ = {isa = PBXBuildFile; fileRef = 3388BC892BB535AF00AE0D9C /* StatisticView.swift */; };
		3388BC8D2BB53C3E00AE0D9C /* DashBoardStatisticView.swift in Sources */ = {isa = PBXBuildFile; fileRef = 3388BC8C2BB53C3E00AE0D9C /* DashBoardStatisticView.swift */; };
		3388BC8F2BB5436800AE0D9C /* MarketData.swift in Sources */ = {isa = PBXBuildFile; fileRef = 3388BC8E2BB5436800AE0D9C /* MarketData.swift */; };
		3388BC912BB5453400AE0D9C /* MarketDataService.swift in Sources */ = {isa = PBXBuildFile; fileRef = 3388BC902BB5453400AE0D9C /* MarketDataService.swift */; };
		33AABC822BABE8CF00CE1BE0 /* CryptoCoinApp.swift in Sources */ = {isa = PBXBuildFile; fileRef = 33AABC812BABE8CF00CE1BE0 /* CryptoCoinApp.swift */; };
		33AABC842BABE8CF00CE1BE0 /* ContentView.swift in Sources */ = {isa = PBXBuildFile; fileRef = 33AABC832BABE8CF00CE1BE0 /* ContentView.swift */; };
		33AABC892BABE8D500CE1BE0 /* Preview Assets.xcassets in Resources */ = {isa = PBXBuildFile; fileRef = 33AABC882BABE8D500CE1BE0 /* Preview Assets.xcassets */; };
		33AABC932BABE8D600CE1BE0 /* CryptoCoinTests.swift in Sources */ = {isa = PBXBuildFile; fileRef = 33AABC922BABE8D600CE1BE0 /* CryptoCoinTests.swift */; };
		33AABC9D2BABE8D600CE1BE0 /* CryptoCoinUITests.swift in Sources */ = {isa = PBXBuildFile; fileRef = 33AABC9C2BABE8D600CE1BE0 /* CryptoCoinUITests.swift */; };
		33AABC9F2BABE8D600CE1BE0 /* CryptoCoinUITestsLaunchTests.swift in Sources */ = {isa = PBXBuildFile; fileRef = 33AABC9E2BABE8D600CE1BE0 /* CryptoCoinUITestsLaunchTests.swift */; };
		33AABCAC2BABEDC200CE1BE0 /* Assets.xcassets in Resources */ = {isa = PBXBuildFile; fileRef = 33AABCAB2BABEDC200CE1BE0 /* Assets.xcassets */; };
		33D4BAA02BB3C15B00F4A29C /* CoinImageService.swift in Sources */ = {isa = PBXBuildFile; fileRef = 33D4BA9F2BB3C15B00F4A29C /* CoinImageService.swift */; };
		33D4BAA22BB3E06700F4A29C /* LocalFileManager.swift in Sources */ = {isa = PBXBuildFile; fileRef = 33D4BAA12BB3E06700F4A29C /* LocalFileManager.swift */; };
		33D4BAA62BB43F1900F4A29C /* SearchBarView.swift in Sources */ = {isa = PBXBuildFile; fileRef = 33D4BAA52BB43F1900F4A29C /* SearchBarView.swift */; };
		33D4BAA82BB44B2F00F4A29C /* UIApplication.swift in Sources */ = {isa = PBXBuildFile; fileRef = 33D4BAA72BB44B2F00F4A29C /* UIApplication.swift */; };
/* End PBXBuildFile section */

/* Begin PBXContainerItemProxy section */
		33AABC8F2BABE8D600CE1BE0 /* PBXContainerItemProxy */ = {
			isa = PBXContainerItemProxy;
			containerPortal = 33AABC762BABE8CF00CE1BE0 /* Project object */;
			proxyType = 1;
			remoteGlobalIDString = 33AABC7D2BABE8CF00CE1BE0;
			remoteInfo = CryptoCoin;
		};
		33AABC992BABE8D600CE1BE0 /* PBXContainerItemProxy */ = {
			isa = PBXContainerItemProxy;
			containerPortal = 33AABC762BABE8CF00CE1BE0 /* Project object */;
			proxyType = 1;
			remoteGlobalIDString = 33AABC7D2BABE8CF00CE1BE0;
			remoteInfo = CryptoCoin;
		};
/* End PBXContainerItemProxy section */

/* Begin PBXFileReference section */
		33030F212BB86F710093F6CA /* XMarkButton.swift */ = {isa = PBXFileReference; lastKnownFileType = sourcecode.swift; path = XMarkButton.swift; sourceTree = "<group>"; };
		3320B70C2BB88F90000F01F0 /* CoinView.swift */ = {isa = PBXFileReference; lastKnownFileType = sourcecode.swift; path = CoinView.swift; sourceTree = "<group>"; };
		3321A4582BAC0DAE0079D357 /* CircleButton.swift */ = {isa = PBXFileReference; lastKnownFileType = sourcecode.swift; path = CircleButton.swift; sourceTree = "<group>"; };
		3321A45A2BAC3AF00079D357 /* CircleButtonAnimation.swift */ = {isa = PBXFileReference; lastKnownFileType = sourcecode.swift; path = CircleButtonAnimation.swift; sourceTree = "<group>"; };
		3321A45D2BAC49D40079D357 /* Coin.swift */ = {isa = PBXFileReference; lastKnownFileType = sourcecode.swift; path = Coin.swift; sourceTree = "<group>"; };
		3321A45F2BAC5BDF0079D357 /* CoinRowView.swift */ = {isa = PBXFileReference; lastKnownFileType = sourcecode.swift; path = CoinRowView.swift; sourceTree = "<group>"; };
		3321A4612BAC5CFC0079D357 /* PreviewProvider.swift */ = {isa = PBXFileReference; lastKnownFileType = sourcecode.swift; path = PreviewProvider.swift; sourceTree = "<group>"; };
		3321A4632BAC61C00079D357 /* Double.swift */ = {isa = PBXFileReference; lastKnownFileType = sourcecode.swift; path = Double.swift; sourceTree = "<group>"; };
		3321C0A42BB8650000738F07 /* PortfolioView.swift */ = {isa = PBXFileReference; lastKnownFileType = sourcecode.swift; path = PortfolioView.swift; sourceTree = "<group>"; };
		33400C712BB1F6D600EBE9AE /* DashBoardViewModel.swift */ = {isa = PBXFileReference; lastKnownFileType = sourcecode.swift; path = DashBoardViewModel.swift; sourceTree = "<group>"; };
		33400C742BB27B7900EBE9AE /* CoinDataService.swift */ = {isa = PBXFileReference; lastKnownFileType = sourcecode.swift; path = CoinDataService.swift; sourceTree = "<group>"; };
		33400C782BB2902200EBE9AE /* NetworkManager.swift */ = {isa = PBXFileReference; lastKnownFileType = sourcecode.swift; path = NetworkManager.swift; sourceTree = "<group>"; };
		33400C7B2BB3B84900EBE9AE /* CoinImageView.swift */ = {isa = PBXFileReference; lastKnownFileType = sourcecode.swift; path = CoinImageView.swift; sourceTree = "<group>"; };
		33400C7D2BB3BC4F00EBE9AE /* CoinImageViewModel.swift */ = {isa = PBXFileReference; lastKnownFileType = sourcecode.swift; path = CoinImageViewModel.swift; sourceTree = "<group>"; };
		336F9FEB2BABF29000DF4A3A /* Color.swift */ = {isa = PBXFileReference; lastKnownFileType = sourcecode.swift; path = Color.swift; sourceTree = "<group>"; };
		336F9FF12BAC052000DF4A3A /* DashBoardView.swift */ = {isa = PBXFileReference; lastKnownFileType = sourcecode.swift; path = DashBoardView.swift; sourceTree = "<group>"; };
		3388BC872BB5337A00AE0D9C /* Statistic.swift */ = {isa = PBXFileReference; lastKnownFileType = sourcecode.swift; path = Statistic.swift; sourceTree = "<group>"; };
		3388BC892BB535AF00AE0D9C /* StatisticView.swift */ = {isa = PBXFileReference; lastKnownFileType = sourcecode.swift; path = StatisticView.swift; sourceTree = "<group>"; };
		3388BC8C2BB53C3E00AE0D9C /* DashBoardStatisticView.swift */ = {isa = PBXFileReference; lastKnownFileType = sourcecode.swift; path = DashBoardStatisticView.swift; sourceTree = "<group>"; };
		3388BC8E2BB5436800AE0D9C /* MarketData.swift */ = {isa = PBXFileReference; lastKnownFileType = sourcecode.swift; path = MarketData.swift; sourceTree = "<group>"; };
		3388BC902BB5453400AE0D9C /* MarketDataService.swift */ = {isa = PBXFileReference; lastKnownFileType = sourcecode.swift; path = MarketDataService.swift; sourceTree = "<group>"; };
		33AABC7E2BABE8CF00CE1BE0 /* CryptoCoin.app */ = {isa = PBXFileReference; explicitFileType = wrapper.application; includeInIndex = 0; path = CryptoCoin.app; sourceTree = BUILT_PRODUCTS_DIR; };
		33AABC812BABE8CF00CE1BE0 /* CryptoCoinApp.swift */ = {isa = PBXFileReference; lastKnownFileType = sourcecode.swift; path = CryptoCoinApp.swift; sourceTree = "<group>"; };
		33AABC832BABE8CF00CE1BE0 /* ContentView.swift */ = {isa = PBXFileReference; lastKnownFileType = sourcecode.swift; path = ContentView.swift; sourceTree = "<group>"; };
		33AABC882BABE8D500CE1BE0 /* Preview Assets.xcassets */ = {isa = PBXFileReference; lastKnownFileType = folder.assetcatalog; path = "Preview Assets.xcassets"; sourceTree = "<group>"; };
		33AABC8E2BABE8D600CE1BE0 /* CryptoCoinTests.xctest */ = {isa = PBXFileReference; explicitFileType = wrapper.cfbundle; includeInIndex = 0; path = CryptoCoinTests.xctest; sourceTree = BUILT_PRODUCTS_DIR; };
		33AABC922BABE8D600CE1BE0 /* CryptoCoinTests.swift */ = {isa = PBXFileReference; lastKnownFileType = sourcecode.swift; path = CryptoCoinTests.swift; sourceTree = "<group>"; };
		33AABC982BABE8D600CE1BE0 /* CryptoCoinUITests.xctest */ = {isa = PBXFileReference; explicitFileType = wrapper.cfbundle; includeInIndex = 0; path = CryptoCoinUITests.xctest; sourceTree = BUILT_PRODUCTS_DIR; };
		33AABC9C2BABE8D600CE1BE0 /* CryptoCoinUITests.swift */ = {isa = PBXFileReference; lastKnownFileType = sourcecode.swift; path = CryptoCoinUITests.swift; sourceTree = "<group>"; };
		33AABC9E2BABE8D600CE1BE0 /* CryptoCoinUITestsLaunchTests.swift */ = {isa = PBXFileReference; lastKnownFileType = sourcecode.swift; path = CryptoCoinUITestsLaunchTests.swift; sourceTree = "<group>"; };
		33AABCAB2BABEDC200CE1BE0 /* Assets.xcassets */ = {isa = PBXFileReference; lastKnownFileType = folder.assetcatalog; name = Assets.xcassets; path = ../../../../../Downloads/Resources/Assets.xcassets; sourceTree = "<group>"; };
		33D4BA9F2BB3C15B00F4A29C /* CoinImageService.swift */ = {isa = PBXFileReference; lastKnownFileType = sourcecode.swift; path = CoinImageService.swift; sourceTree = "<group>"; };
		33D4BAA12BB3E06700F4A29C /* LocalFileManager.swift */ = {isa = PBXFileReference; lastKnownFileType = sourcecode.swift; path = LocalFileManager.swift; sourceTree = "<group>"; };
		33D4BAA52BB43F1900F4A29C /* SearchBarView.swift */ = {isa = PBXFileReference; lastKnownFileType = sourcecode.swift; path = SearchBarView.swift; sourceTree = "<group>"; };
		33D4BAA72BB44B2F00F4A29C /* UIApplication.swift */ = {isa = PBXFileReference; lastKnownFileType = sourcecode.swift; path = UIApplication.swift; sourceTree = "<group>"; };
/* End PBXFileReference section */

/* Begin PBXFrameworksBuildPhase section */
		33AABC7B2BABE8CF00CE1BE0 /* Frameworks */ = {
			isa = PBXFrameworksBuildPhase;
			buildActionMask = 2147483647;
			files = (
			);
			runOnlyForDeploymentPostprocessing = 0;
		};
		33AABC8B2BABE8D600CE1BE0 /* Frameworks */ = {
			isa = PBXFrameworksBuildPhase;
			buildActionMask = 2147483647;
			files = (
			);
			runOnlyForDeploymentPostprocessing = 0;
		};
		33AABC952BABE8D600CE1BE0 /* Frameworks */ = {
			isa = PBXFrameworksBuildPhase;
			buildActionMask = 2147483647;
			files = (
			);
			runOnlyForDeploymentPostprocessing = 0;
		};
/* End PBXFrameworksBuildPhase section */

/* Begin PBXGroup section */
		3321A4572BAC0B130079D357 /* Components */ = {
			isa = PBXGroup;
			children = (
				3388BC8B2BB53C0D00AE0D9C /* StatisticView */,
				33D4BAA42BB43AED00F4A29C /* SearchBarView */,
				33D4BAA32BB43AA200F4A29C /* Button */,
				33400C7A2BB3B83400EBE9AE /* CoinImage */,
			);
			path = Components;
			sourceTree = "<group>";
		};
		3321A45C2BAC49B30079D357 /* Models */ = {
			isa = PBXGroup;
			children = (
				3321A45D2BAC49D40079D357 /* Coin.swift */,
				3388BC872BB5337A00AE0D9C /* Statistic.swift */,
				3388BC8E2BB5436800AE0D9C /* MarketData.swift */,
			);
			path = Models;
			sourceTree = "<group>";
		};
		33400C732BB27B4800EBE9AE /* Services */ = {
			isa = PBXGroup;
			children = (
				33400C742BB27B7900EBE9AE /* CoinDataService.swift */,
				33D4BA9F2BB3C15B00F4A29C /* CoinImageService.swift */,
				3388BC902BB5453400AE0D9C /* MarketDataService.swift */,
			);
			path = Services;
			sourceTree = "<group>";
		};
		33400C762BB28FED00EBE9AE /* Utils */ = {
			isa = PBXGroup;
			children = (
				33400C772BB2900F00EBE9AE /* Manager */,
			);
			path = Utils;
			sourceTree = "<group>";
		};
		33400C772BB2900F00EBE9AE /* Manager */ = {
			isa = PBXGroup;
			children = (
				33400C782BB2902200EBE9AE /* NetworkManager.swift */,
				33D4BAA12BB3E06700F4A29C /* LocalFileManager.swift */,
			);
			path = Manager;
			sourceTree = "<group>";
		};
		33400C7A2BB3B83400EBE9AE /* CoinImage */ = {
			isa = PBXGroup;
			children = (
				33400C7B2BB3B84900EBE9AE /* CoinImageView.swift */,
			);
			path = CoinImage;
			sourceTree = "<group>";
		};
		336F9FEA2BABF27200DF4A3A /* Extension */ = {
			isa = PBXGroup;
			children = (
				336F9FEB2BABF29000DF4A3A /* Color.swift */,
				3321A4612BAC5CFC0079D357 /* PreviewProvider.swift */,
				3321A4632BAC61C00079D357 /* Double.swift */,
				33D4BAA72BB44B2F00F4A29C /* UIApplication.swift */,
			);
			path = Extension;
			sourceTree = "<group>";
		};
		336F9FED2BAC04DB00DF4A3A /* Core */ = {
			isa = PBXGroup;
			children = (
				3321A4572BAC0B130079D357 /* Components */,
				336F9FEE2BAC04E400DF4A3A /* DashBoard */,
			);
			path = Core;
			sourceTree = "<group>";
		};
		336F9FEE2BAC04E400DF4A3A /* DashBoard */ = {
			isa = PBXGroup;
			children = (
				336F9FF02BAC050300DF4A3A /* ViewModel */,
				336F9FEF2BAC04F500DF4A3A /* VIew */,
			);
			path = DashBoard;
			sourceTree = "<group>";
		};
		336F9FEF2BAC04F500DF4A3A /* VIew */ = {
			isa = PBXGroup;
			children = (
				336F9FF12BAC052000DF4A3A /* DashBoardView.swift */,
				3388BC8C2BB53C3E00AE0D9C /* DashBoardStatisticView.swift */,
				3321A45F2BAC5BDF0079D357 /* CoinRowView.swift */,
				3321C0A42BB8650000738F07 /* PortfolioView.swift */,
				3320B70C2BB88F90000F01F0 /* CoinView.swift */,
			);
			path = VIew;
			sourceTree = "<group>";
		};
		336F9FF02BAC050300DF4A3A /* ViewModel */ = {
			isa = PBXGroup;
			children = (
				33400C712BB1F6D600EBE9AE /* DashBoardViewModel.swift */,
				33400C7D2BB3BC4F00EBE9AE /* CoinImageViewModel.swift */,
			);
			path = ViewModel;
			sourceTree = "<group>";
		};
		3388BC8B2BB53C0D00AE0D9C /* StatisticView */ = {
			isa = PBXGroup;
			children = (
				3388BC892BB535AF00AE0D9C /* StatisticView.swift */,
			);
			path = StatisticView;
			sourceTree = "<group>";
		};
		33AABC752BABE8CF00CE1BE0 = {
			isa = PBXGroup;
			children = (
				33AABC802BABE8CF00CE1BE0 /* CryptoCoin */,
				33AABC912BABE8D600CE1BE0 /* CryptoCoinTests */,
				33AABC9B2BABE8D600CE1BE0 /* CryptoCoinUITests */,
				33AABC7F2BABE8CF00CE1BE0 /* Products */,
			);
			sourceTree = "<group>";
		};
		33AABC7F2BABE8CF00CE1BE0 /* Products */ = {
			isa = PBXGroup;
			children = (
				33AABC7E2BABE8CF00CE1BE0 /* CryptoCoin.app */,
				33AABC8E2BABE8D600CE1BE0 /* CryptoCoinTests.xctest */,
				33AABC982BABE8D600CE1BE0 /* CryptoCoinUITests.xctest */,
			);
			name = Products;
			sourceTree = "<group>";
		};
		33AABC802BABE8CF00CE1BE0 /* CryptoCoin */ = {
			isa = PBXGroup;
			children = (
				33400C762BB28FED00EBE9AE /* Utils */,
				33AABC812BABE8CF00CE1BE0 /* CryptoCoinApp.swift */,
				33AABC832BABE8CF00CE1BE0 /* ContentView.swift */,
				33400C732BB27B4800EBE9AE /* Services */,
				3321A45C2BAC49B30079D357 /* Models */,
				336F9FED2BAC04DB00DF4A3A /* Core */,
				336F9FEA2BABF27200DF4A3A /* Extension */,
				33AABCAB2BABEDC200CE1BE0 /* Assets.xcassets */,
				33AABC872BABE8D500CE1BE0 /* Preview Content */,
			);
			path = CryptoCoin;
			sourceTree = "<group>";
		};
		33AABC872BABE8D500CE1BE0 /* Preview Content */ = {
			isa = PBXGroup;
			children = (
				33AABC882BABE8D500CE1BE0 /* Preview Assets.xcassets */,
			);
			path = "Preview Content";
			sourceTree = "<group>";
		};
		33AABC912BABE8D600CE1BE0 /* CryptoCoinTests */ = {
			isa = PBXGroup;
			children = (
				33AABC922BABE8D600CE1BE0 /* CryptoCoinTests.swift */,
			);
			path = CryptoCoinTests;
			sourceTree = "<group>";
		};
		33AABC9B2BABE8D600CE1BE0 /* CryptoCoinUITests */ = {
			isa = PBXGroup;
			children = (
				33AABC9C2BABE8D600CE1BE0 /* CryptoCoinUITests.swift */,
				33AABC9E2BABE8D600CE1BE0 /* CryptoCoinUITestsLaunchTests.swift */,
			);
			path = CryptoCoinUITests;
			sourceTree = "<group>";
		};
		33D4BAA32BB43AA200F4A29C /* Button */ = {
			isa = PBXGroup;
			children = (
				3321A45A2BAC3AF00079D357 /* CircleButtonAnimation.swift */,
				33030F212BB86F710093F6CA /* XMarkButton.swift */,
				3321A4582BAC0DAE0079D357 /* CircleButton.swift */,
			);
			path = Button;
			sourceTree = "<group>";
		};
		33D4BAA42BB43AED00F4A29C /* SearchBarView */ = {
			isa = PBXGroup;
			children = (
				33D4BAA52BB43F1900F4A29C /* SearchBarView.swift */,
			);
			path = SearchBarView;
			sourceTree = "<group>";
		};
/* End PBXGroup section */

/* Begin PBXNativeTarget section */
		33AABC7D2BABE8CF00CE1BE0 /* CryptoCoin */ = {
			isa = PBXNativeTarget;
			buildConfigurationList = 33AABCA22BABE8D600CE1BE0 /* Build configuration list for PBXNativeTarget "CryptoCoin" */;
			buildPhases = (
				33AABC7A2BABE8CF00CE1BE0 /* Sources */,
				33AABC7B2BABE8CF00CE1BE0 /* Frameworks */,
				33AABC7C2BABE8CF00CE1BE0 /* Resources */,
			);
			buildRules = (
			);
			dependencies = (
			);
			name = CryptoCoin;
			productName = CryptoCoin;
			productReference = 33AABC7E2BABE8CF00CE1BE0 /* CryptoCoin.app */;
			productType = "com.apple.product-type.application";
		};
		33AABC8D2BABE8D600CE1BE0 /* CryptoCoinTests */ = {
			isa = PBXNativeTarget;
			buildConfigurationList = 33AABCA52BABE8D600CE1BE0 /* Build configuration list for PBXNativeTarget "CryptoCoinTests" */;
			buildPhases = (
				33AABC8A2BABE8D600CE1BE0 /* Sources */,
				33AABC8B2BABE8D600CE1BE0 /* Frameworks */,
				33AABC8C2BABE8D600CE1BE0 /* Resources */,
			);
			buildRules = (
			);
			dependencies = (
				33AABC902BABE8D600CE1BE0 /* PBXTargetDependency */,
			);
			name = CryptoCoinTests;
			productName = CryptoCoinTests;
			productReference = 33AABC8E2BABE8D600CE1BE0 /* CryptoCoinTests.xctest */;
			productType = "com.apple.product-type.bundle.unit-test";
		};
		33AABC972BABE8D600CE1BE0 /* CryptoCoinUITests */ = {
			isa = PBXNativeTarget;
			buildConfigurationList = 33AABCA82BABE8D600CE1BE0 /* Build configuration list for PBXNativeTarget "CryptoCoinUITests" */;
			buildPhases = (
				33AABC942BABE8D600CE1BE0 /* Sources */,
				33AABC952BABE8D600CE1BE0 /* Frameworks */,
				33AABC962BABE8D600CE1BE0 /* Resources */,
			);
			buildRules = (
			);
			dependencies = (
				33AABC9A2BABE8D600CE1BE0 /* PBXTargetDependency */,
			);
			name = CryptoCoinUITests;
			productName = CryptoCoinUITests;
			productReference = 33AABC982BABE8D600CE1BE0 /* CryptoCoinUITests.xctest */;
			productType = "com.apple.product-type.bundle.ui-testing";
		};
/* End PBXNativeTarget section */

/* Begin PBXProject section */
		33AABC762BABE8CF00CE1BE0 /* Project object */ = {
			isa = PBXProject;
			attributes = {
				BuildIndependentTargetsInParallel = 1;
				LastSwiftUpdateCheck = 1420;
				LastUpgradeCheck = 1420;
				TargetAttributes = {
					33AABC7D2BABE8CF00CE1BE0 = {
						CreatedOnToolsVersion = 14.2;
					};
					33AABC8D2BABE8D600CE1BE0 = {
						CreatedOnToolsVersion = 14.2;
						TestTargetID = 33AABC7D2BABE8CF00CE1BE0;
					};
					33AABC972BABE8D600CE1BE0 = {
						CreatedOnToolsVersion = 14.2;
						TestTargetID = 33AABC7D2BABE8CF00CE1BE0;
					};
				};
			};
			buildConfigurationList = 33AABC792BABE8CF00CE1BE0 /* Build configuration list for PBXProject "CryptoCoin" */;
			compatibilityVersion = "Xcode 14.0";
			developmentRegion = en;
			hasScannedForEncodings = 0;
			knownRegions = (
				en,
				Base,
			);
			mainGroup = 33AABC752BABE8CF00CE1BE0;
			productRefGroup = 33AABC7F2BABE8CF00CE1BE0 /* Products */;
			projectDirPath = "";
			projectRoot = "";
			targets = (
				33AABC7D2BABE8CF00CE1BE0 /* CryptoCoin */,
				33AABC8D2BABE8D600CE1BE0 /* CryptoCoinTests */,
				33AABC972BABE8D600CE1BE0 /* CryptoCoinUITests */,
			);
		};
/* End PBXProject section */

/* Begin PBXResourcesBuildPhase section */
		33AABC7C2BABE8CF00CE1BE0 /* Resources */ = {
			isa = PBXResourcesBuildPhase;
			buildActionMask = 2147483647;
			files = (
				33AABC892BABE8D500CE1BE0 /* Preview Assets.xcassets in Resources */,
				33AABCAC2BABEDC200CE1BE0 /* Assets.xcassets in Resources */,
			);
			runOnlyForDeploymentPostprocessing = 0;
		};
		33AABC8C2BABE8D600CE1BE0 /* Resources */ = {
			isa = PBXResourcesBuildPhase;
			buildActionMask = 2147483647;
			files = (
			);
			runOnlyForDeploymentPostprocessing = 0;
		};
		33AABC962BABE8D600CE1BE0 /* Resources */ = {
			isa = PBXResourcesBuildPhase;
			buildActionMask = 2147483647;
			files = (
			);
			runOnlyForDeploymentPostprocessing = 0;
		};
/* End PBXResourcesBuildPhase section */

/* Begin PBXSourcesBuildPhase section */
		33AABC7A2BABE8CF00CE1BE0 /* Sources */ = {
			isa = PBXSourcesBuildPhase;
			buildActionMask = 2147483647;
			files = (
				33400C7E2BB3BC4F00EBE9AE /* CoinImageViewModel.swift in Sources */,
				33400C752BB27B7900EBE9AE /* CoinDataService.swift in Sources */,
				3321A4602BAC5BDF0079D357 /* CoinRowView.swift in Sources */,
				33030F222BB86F710093F6CA /* XMarkButton.swift in Sources */,
				3388BC8F2BB5436800AE0D9C /* MarketData.swift in Sources */,
				33400C722BB1F6D600EBE9AE /* DashBoardViewModel.swift in Sources */,
				33D4BAA22BB3E06700F4A29C /* LocalFileManager.swift in Sources */,
				33400C792BB2902200EBE9AE /* NetworkManager.swift in Sources */,
				3321A4592BAC0DAE0079D357 /* CircleButton.swift in Sources */,
				3388BC8A2BB535AF00AE0D9C /* StatisticView.swift in Sources */,
				33400C7C2BB3B84900EBE9AE /* CoinImageView.swift in Sources */,
				33D4BAA82BB44B2F00F4A29C /* UIApplication.swift in Sources */,
				33AABC842BABE8CF00CE1BE0 /* ContentView.swift in Sources */,
				336F9FF22BAC052100DF4A3A /* DashBoardView.swift in Sources */,
				33D4BAA62BB43F1900F4A29C /* SearchBarView.swift in Sources */,
				33AABC822BABE8CF00CE1BE0 /* CryptoCoinApp.swift in Sources */,
				3321A45B2BAC3AF00079D357 /* CircleButtonAnimation.swift in Sources */,
				336F9FEC2BABF29000DF4A3A /* Color.swift in Sources */,
				3388BC912BB5453400AE0D9C /* MarketDataService.swift in Sources */,
				3321A4622BAC5CFC0079D357 /* PreviewProvider.swift in Sources */,
				3321A4642BAC61C00079D357 /* Double.swift in Sources */,
				3320B70D2BB88F90000F01F0 /* CoinView.swift in Sources */,
				3388BC8D2BB53C3E00AE0D9C /* DashBoardStatisticView.swift in Sources */,
				3321C0A52BB8650000738F07 /* PortfolioView.swift in Sources */,
				33D4BAA02BB3C15B00F4A29C /* CoinImageService.swift in Sources */,
				3388BC882BB5337A00AE0D9C /* Statistic.swift in Sources */,
				3321A45E2BAC49D40079D357 /* Coin.swift in Sources */,
			);
			runOnlyForDeploymentPostprocessing = 0;
		};
		33AABC8A2BABE8D600CE1BE0 /* Sources */ = {
			isa = PBXSourcesBuildPhase;
			buildActionMask = 2147483647;
			files = (
				33AABC932BABE8D600CE1BE0 /* CryptoCoinTests.swift in Sources */,
			);
			runOnlyForDeploymentPostprocessing = 0;
		};
		33AABC942BABE8D600CE1BE0 /* Sources */ = {
			isa = PBXSourcesBuildPhase;
			buildActionMask = 2147483647;
			files = (
				33AABC9F2BABE8D600CE1BE0 /* CryptoCoinUITestsLaunchTests.swift in Sources */,
				33AABC9D2BABE8D600CE1BE0 /* CryptoCoinUITests.swift in Sources */,
			);
			runOnlyForDeploymentPostprocessing = 0;
		};
/* End PBXSourcesBuildPhase section */

/* Begin PBXTargetDependency section */
		33AABC902BABE8D600CE1BE0 /* PBXTargetDependency */ = {
			isa = PBXTargetDependency;
			target = 33AABC7D2BABE8CF00CE1BE0 /* CryptoCoin */;
			targetProxy = 33AABC8F2BABE8D600CE1BE0 /* PBXContainerItemProxy */;
		};
		33AABC9A2BABE8D600CE1BE0 /* PBXTargetDependency */ = {
			isa = PBXTargetDependency;
			target = 33AABC7D2BABE8CF00CE1BE0 /* CryptoCoin */;
			targetProxy = 33AABC992BABE8D600CE1BE0 /* PBXContainerItemProxy */;
		};
/* End PBXTargetDependency section */

/* Begin XCBuildConfiguration section */
		33AABCA02BABE8D600CE1BE0 /* Debug */ = {
			isa = XCBuildConfiguration;
			buildSettings = {
				ALWAYS_SEARCH_USER_PATHS = NO;
				CLANG_ANALYZER_NONNULL = YES;
				CLANG_ANALYZER_NUMBER_OBJECT_CONVERSION = YES_AGGRESSIVE;
				CLANG_CXX_LANGUAGE_STANDARD = "gnu++20";
				CLANG_ENABLE_MODULES = YES;
				CLANG_ENABLE_OBJC_ARC = YES;
				CLANG_ENABLE_OBJC_WEAK = YES;
				CLANG_WARN_BLOCK_CAPTURE_AUTORELEASING = YES;
				CLANG_WARN_BOOL_CONVERSION = YES;
				CLANG_WARN_COMMA = YES;
				CLANG_WARN_CONSTANT_CONVERSION = YES;
				CLANG_WARN_DEPRECATED_OBJC_IMPLEMENTATIONS = YES;
				CLANG_WARN_DIRECT_OBJC_ISA_USAGE = YES_ERROR;
				CLANG_WARN_DOCUMENTATION_COMMENTS = YES;
				CLANG_WARN_EMPTY_BODY = YES;
				CLANG_WARN_ENUM_CONVERSION = YES;
				CLANG_WARN_INFINITE_RECURSION = YES;
				CLANG_WARN_INT_CONVERSION = YES;
				CLANG_WARN_NON_LITERAL_NULL_CONVERSION = YES;
				CLANG_WARN_OBJC_IMPLICIT_RETAIN_SELF = YES;
				CLANG_WARN_OBJC_LITERAL_CONVERSION = YES;
				CLANG_WARN_OBJC_ROOT_CLASS = YES_ERROR;
				CLANG_WARN_QUOTED_INCLUDE_IN_FRAMEWORK_HEADER = YES;
				CLANG_WARN_RANGE_LOOP_ANALYSIS = YES;
				CLANG_WARN_STRICT_PROTOTYPES = YES;
				CLANG_WARN_SUSPICIOUS_MOVE = YES;
				CLANG_WARN_UNGUARDED_AVAILABILITY = YES_AGGRESSIVE;
				CLANG_WARN_UNREACHABLE_CODE = YES;
				CLANG_WARN__DUPLICATE_METHOD_MATCH = YES;
				COPY_PHASE_STRIP = NO;
				DEBUG_INFORMATION_FORMAT = dwarf;
				ENABLE_STRICT_OBJC_MSGSEND = YES;
				ENABLE_TESTABILITY = YES;
				GCC_C_LANGUAGE_STANDARD = gnu11;
				GCC_DYNAMIC_NO_PIC = NO;
				GCC_NO_COMMON_BLOCKS = YES;
				GCC_OPTIMIZATION_LEVEL = 0;
				GCC_PREPROCESSOR_DEFINITIONS = (
					"DEBUG=1",
					"$(inherited)",
				);
				GCC_WARN_64_TO_32_BIT_CONVERSION = YES;
				GCC_WARN_ABOUT_RETURN_TYPE = YES_ERROR;
				GCC_WARN_UNDECLARED_SELECTOR = YES;
				GCC_WARN_UNINITIALIZED_AUTOS = YES_AGGRESSIVE;
				GCC_WARN_UNUSED_FUNCTION = YES;
				GCC_WARN_UNUSED_VARIABLE = YES;
				IPHONEOS_DEPLOYMENT_TARGET = 16.2;
				MTL_ENABLE_DEBUG_INFO = INCLUDE_SOURCE;
				MTL_FAST_MATH = YES;
				ONLY_ACTIVE_ARCH = YES;
				SDKROOT = iphoneos;
				SWIFT_ACTIVE_COMPILATION_CONDITIONS = DEBUG;
				SWIFT_OPTIMIZATION_LEVEL = "-Onone";
			};
			name = Debug;
		};
		33AABCA12BABE8D600CE1BE0 /* Release */ = {
			isa = XCBuildConfiguration;
			buildSettings = {
				ALWAYS_SEARCH_USER_PATHS = NO;
				CLANG_ANALYZER_NONNULL = YES;
				CLANG_ANALYZER_NUMBER_OBJECT_CONVERSION = YES_AGGRESSIVE;
				CLANG_CXX_LANGUAGE_STANDARD = "gnu++20";
				CLANG_ENABLE_MODULES = YES;
				CLANG_ENABLE_OBJC_ARC = YES;
				CLANG_ENABLE_OBJC_WEAK = YES;
				CLANG_WARN_BLOCK_CAPTURE_AUTORELEASING = YES;
				CLANG_WARN_BOOL_CONVERSION = YES;
				CLANG_WARN_COMMA = YES;
				CLANG_WARN_CONSTANT_CONVERSION = YES;
				CLANG_WARN_DEPRECATED_OBJC_IMPLEMENTATIONS = YES;
				CLANG_WARN_DIRECT_OBJC_ISA_USAGE = YES_ERROR;
				CLANG_WARN_DOCUMENTATION_COMMENTS = YES;
				CLANG_WARN_EMPTY_BODY = YES;
				CLANG_WARN_ENUM_CONVERSION = YES;
				CLANG_WARN_INFINITE_RECURSION = YES;
				CLANG_WARN_INT_CONVERSION = YES;
				CLANG_WARN_NON_LITERAL_NULL_CONVERSION = YES;
				CLANG_WARN_OBJC_IMPLICIT_RETAIN_SELF = YES;
				CLANG_WARN_OBJC_LITERAL_CONVERSION = YES;
				CLANG_WARN_OBJC_ROOT_CLASS = YES_ERROR;
				CLANG_WARN_QUOTED_INCLUDE_IN_FRAMEWORK_HEADER = YES;
				CLANG_WARN_RANGE_LOOP_ANALYSIS = YES;
				CLANG_WARN_STRICT_PROTOTYPES = YES;
				CLANG_WARN_SUSPICIOUS_MOVE = YES;
				CLANG_WARN_UNGUARDED_AVAILABILITY = YES_AGGRESSIVE;
				CLANG_WARN_UNREACHABLE_CODE = YES;
				CLANG_WARN__DUPLICATE_METHOD_MATCH = YES;
				COPY_PHASE_STRIP = NO;
				DEBUG_INFORMATION_FORMAT = "dwarf-with-dsym";
				ENABLE_NS_ASSERTIONS = NO;
				ENABLE_STRICT_OBJC_MSGSEND = YES;
				GCC_C_LANGUAGE_STANDARD = gnu11;
				GCC_NO_COMMON_BLOCKS = YES;
				GCC_WARN_64_TO_32_BIT_CONVERSION = YES;
				GCC_WARN_ABOUT_RETURN_TYPE = YES_ERROR;
				GCC_WARN_UNDECLARED_SELECTOR = YES;
				GCC_WARN_UNINITIALIZED_AUTOS = YES_AGGRESSIVE;
				GCC_WARN_UNUSED_FUNCTION = YES;
				GCC_WARN_UNUSED_VARIABLE = YES;
				IPHONEOS_DEPLOYMENT_TARGET = 16.2;
				MTL_ENABLE_DEBUG_INFO = NO;
				MTL_FAST_MATH = YES;
				SDKROOT = iphoneos;
				SWIFT_COMPILATION_MODE = wholemodule;
				SWIFT_OPTIMIZATION_LEVEL = "-O";
				VALIDATE_PRODUCT = YES;
			};
			name = Release;
		};
		33AABCA32BABE8D600CE1BE0 /* Debug */ = {
			isa = XCBuildConfiguration;
			buildSettings = {
				ASSETCATALOG_COMPILER_APPICON_NAME = AppIcon;
				ASSETCATALOG_COMPILER_GLOBAL_ACCENT_COLOR_NAME = AccentColor;
				CODE_SIGN_STYLE = Automatic;
				CURRENT_PROJECT_VERSION = 1;
				DEVELOPMENT_ASSET_PATHS = "\"CryptoCoin/Preview Content\"";
				ENABLE_PREVIEWS = YES;
				GENERATE_INFOPLIST_FILE = YES;
				INFOPLIST_KEY_CFBundleDisplayName = "Crypto Coin";
				INFOPLIST_KEY_UIApplicationSceneManifest_Generation = YES;
				INFOPLIST_KEY_UIApplicationSupportsIndirectInputEvents = YES;
				INFOPLIST_KEY_UILaunchScreen_Generation = YES;
				INFOPLIST_KEY_UISupportedInterfaceOrientations = UIInterfaceOrientationPortrait;
				IPHONEOS_DEPLOYMENT_TARGET = 14.0;
				LD_RUNPATH_SEARCH_PATHS = (
					"$(inherited)",
					"@executable_path/Frameworks",
				);
				MARKETING_VERSION = 1.0;
				PRODUCT_BUNDLE_IDENTIFIER = com.jignesh.CryptoCoin;
				PRODUCT_NAME = "$(TARGET_NAME)";
				SWIFT_EMIT_LOC_STRINGS = YES;
				SWIFT_VERSION = 5.0;
				TARGETED_DEVICE_FAMILY = "1,2";
			};
			name = Debug;
		};
		33AABCA42BABE8D600CE1BE0 /* Release */ = {
			isa = XCBuildConfiguration;
			buildSettings = {
				ASSETCATALOG_COMPILER_APPICON_NAME = AppIcon;
				ASSETCATALOG_COMPILER_GLOBAL_ACCENT_COLOR_NAME = AccentColor;
				CODE_SIGN_STYLE = Automatic;
				CURRENT_PROJECT_VERSION = 1;
				DEVELOPMENT_ASSET_PATHS = "\"CryptoCoin/Preview Content\"";
				ENABLE_PREVIEWS = YES;
				GENERATE_INFOPLIST_FILE = YES;
				INFOPLIST_KEY_CFBundleDisplayName = "Crypto Coin";
				INFOPLIST_KEY_UIApplicationSceneManifest_Generation = YES;
				INFOPLIST_KEY_UIApplicationSupportsIndirectInputEvents = YES;
				INFOPLIST_KEY_UILaunchScreen_Generation = YES;
				INFOPLIST_KEY_UISupportedInterfaceOrientations = UIInterfaceOrientationPortrait;
				IPHONEOS_DEPLOYMENT_TARGET = 14.0;
				LD_RUNPATH_SEARCH_PATHS = (
					"$(inherited)",
					"@executable_path/Frameworks",
				);
				MARKETING_VERSION = 1.0;
				PRODUCT_BUNDLE_IDENTIFIER = com.jignesh.CryptoCoin;
				PRODUCT_NAME = "$(TARGET_NAME)";
				SWIFT_EMIT_LOC_STRINGS = YES;
				SWIFT_VERSION = 5.0;
				TARGETED_DEVICE_FAMILY = "1,2";
			};
			name = Release;
		};
		33AABCA62BABE8D600CE1BE0 /* Debug */ = {
			isa = XCBuildConfiguration;
			buildSettings = {
				ALWAYS_EMBED_SWIFT_STANDARD_LIBRARIES = YES;
				BUNDLE_LOADER = "$(TEST_HOST)";
				CODE_SIGN_STYLE = Automatic;
				CURRENT_PROJECT_VERSION = 1;
				GENERATE_INFOPLIST_FILE = YES;
				IPHONEOS_DEPLOYMENT_TARGET = 16.2;
				MARKETING_VERSION = 1.0;
				PRODUCT_BUNDLE_IDENTIFIER = com.jignesh.CryptoCoinTests;
				PRODUCT_NAME = "$(TARGET_NAME)";
				SWIFT_EMIT_LOC_STRINGS = NO;
				SWIFT_VERSION = 5.0;
				TARGETED_DEVICE_FAMILY = "1,2";
				TEST_HOST = "$(BUILT_PRODUCTS_DIR)/CryptoCoin.app/$(BUNDLE_EXECUTABLE_FOLDER_PATH)/CryptoCoin";
			};
			name = Debug;
		};
		33AABCA72BABE8D600CE1BE0 /* Release */ = {
			isa = XCBuildConfiguration;
			buildSettings = {
				ALWAYS_EMBED_SWIFT_STANDARD_LIBRARIES = YES;
				BUNDLE_LOADER = "$(TEST_HOST)";
				CODE_SIGN_STYLE = Automatic;
				CURRENT_PROJECT_VERSION = 1;
				GENERATE_INFOPLIST_FILE = YES;
				IPHONEOS_DEPLOYMENT_TARGET = 16.2;
				MARKETING_VERSION = 1.0;
				PRODUCT_BUNDLE_IDENTIFIER = com.jignesh.CryptoCoinTests;
				PRODUCT_NAME = "$(TARGET_NAME)";
				SWIFT_EMIT_LOC_STRINGS = NO;
				SWIFT_VERSION = 5.0;
				TARGETED_DEVICE_FAMILY = "1,2";
				TEST_HOST = "$(BUILT_PRODUCTS_DIR)/CryptoCoin.app/$(BUNDLE_EXECUTABLE_FOLDER_PATH)/CryptoCoin";
			};
			name = Release;
		};
		33AABCA92BABE8D600CE1BE0 /* Debug */ = {
			isa = XCBuildConfiguration;
			buildSettings = {
				ALWAYS_EMBED_SWIFT_STANDARD_LIBRARIES = YES;
				CODE_SIGN_STYLE = Automatic;
				CURRENT_PROJECT_VERSION = 1;
				GENERATE_INFOPLIST_FILE = YES;
				MARKETING_VERSION = 1.0;
				PRODUCT_BUNDLE_IDENTIFIER = com.jignesh.CryptoCoinUITests;
				PRODUCT_NAME = "$(TARGET_NAME)";
				SWIFT_EMIT_LOC_STRINGS = NO;
				SWIFT_VERSION = 5.0;
				TARGETED_DEVICE_FAMILY = "1,2";
				TEST_TARGET_NAME = CryptoCoin;
			};
			name = Debug;
		};
		33AABCAA2BABE8D600CE1BE0 /* Release */ = {
			isa = XCBuildConfiguration;
			buildSettings = {
				ALWAYS_EMBED_SWIFT_STANDARD_LIBRARIES = YES;
				CODE_SIGN_STYLE = Automatic;
				CURRENT_PROJECT_VERSION = 1;
				GENERATE_INFOPLIST_FILE = YES;
				MARKETING_VERSION = 1.0;
				PRODUCT_BUNDLE_IDENTIFIER = com.jignesh.CryptoCoinUITests;
				PRODUCT_NAME = "$(TARGET_NAME)";
				SWIFT_EMIT_LOC_STRINGS = NO;
				SWIFT_VERSION = 5.0;
				TARGETED_DEVICE_FAMILY = "1,2";
				TEST_TARGET_NAME = CryptoCoin;
			};
			name = Release;
		};
/* End XCBuildConfiguration section */

/* Begin XCConfigurationList section */
		33AABC792BABE8CF00CE1BE0 /* Build configuration list for PBXProject "CryptoCoin" */ = {
			isa = XCConfigurationList;
			buildConfigurations = (
				33AABCA02BABE8D600CE1BE0 /* Debug */,
				33AABCA12BABE8D600CE1BE0 /* Release */,
			);
			defaultConfigurationIsVisible = 0;
			defaultConfigurationName = Release;
		};
		33AABCA22BABE8D600CE1BE0 /* Build configuration list for PBXNativeTarget "CryptoCoin" */ = {
			isa = XCConfigurationList;
			buildConfigurations = (
				33AABCA32BABE8D600CE1BE0 /* Debug */,
				33AABCA42BABE8D600CE1BE0 /* Release */,
			);
			defaultConfigurationIsVisible = 0;
			defaultConfigurationName = Release;
		};
		33AABCA52BABE8D600CE1BE0 /* Build configuration list for PBXNativeTarget "CryptoCoinTests" */ = {
			isa = XCConfigurationList;
			buildConfigurations = (
				33AABCA62BABE8D600CE1BE0 /* Debug */,
				33AABCA72BABE8D600CE1BE0 /* Release */,
			);
			defaultConfigurationIsVisible = 0;
			defaultConfigurationName = Release;
		};
		33AABCA82BABE8D600CE1BE0 /* Build configuration list for PBXNativeTarget "CryptoCoinUITests" */ = {
			isa = XCConfigurationList;
			buildConfigurations = (
				33AABCA92BABE8D600CE1BE0 /* Debug */,
				33AABCAA2BABE8D600CE1BE0 /* Release */,
			);
			defaultConfigurationIsVisible = 0;
			defaultConfigurationName = Release;
		};
/* End XCConfigurationList section */
	};
	rootObject = 33AABC762BABE8CF00CE1BE0 /* Project object */;
}
